
Microsoft Visual Studio Solution File, Format Version 12.00
# Visual Studio Version 16
VisualStudioVersion = 16.0.29509.3
MinimumVisualStudioVersion = 10.0.40219.1
Project("{FAE04EC0-301F-11D3-BF4B-00C04F79EFBC}") = "OTF", "OTF\OTF.csproj", "{84D32EE5-9FED-4B4D-BE15-BC2836418D9D}"
EndProject
Project("{FAE04EC0-301F-11D3-BF4B-00C04F79EFBC}") = "OTFC", "OTFC\OTFC.csproj", "{70F69B6B-BB59-4EF4-9DD4-365D4414115A}"
EndProject
Project("{FAE04EC0-301F-11D3-BF4B-00C04F79EFBC}") = "OTFD", "OTFD\OTFD.csproj", "{02722568-C44B-4E49-A630-BB8C2B15EBB4}"
EndProject
Global
	GlobalSection(SolutionConfigurationPlatforms) = preSolution
		Debug|Any CPU = Debug|Any CPU
		Release|Any CPU = Release|Any CPU
	EndGlobalSection
	GlobalSection(ProjectConfigurationPlatforms) = postSolution
		{84D32EE5-9FED-4B4D-BE15-BC2836418D9D}.Debug|Any CPU.ActiveCfg = Debug|Any CPU
		{84D32EE5-9FED-4B4D-BE15-BC2836418D9D}.Debug|Any CPU.Build.0 = Debug|Any CPU
		{84D32EE5-9FED-4B4D-BE15-BC2836418D9D}.Release|Any CPU.ActiveCfg = Release|Any CPU
		{84D32EE5-9FED-4B4D-BE15-BC2836418D9D}.Release|Any CPU.Build.0 = Release|Any CPU
		{70F69B6B-BB59-4EF4-9DD4-365D4414115A}.Debug|Any CPU.ActiveCfg = Debug|Any CPU
		{70F69B6B-BB59-4EF4-9DD4-365D4414115A}.Debug|Any CPU.Build.0 = Debug|Any CPU
		{70F69B6B-BB59-4EF4-9DD4-365D4414115A}.Release|Any CPU.ActiveCfg = Release|Any CPU
		{70F69B6B-BB59-4EF4-9DD4-365D4414115A}.Release|Any CPU.Build.0 = Release|Any CPU
		{02722568-C44B-4E49-A630-BB8C2B15EBB4}.Debug|Any CPU.ActiveCfg = Debug|Any CPU
		{02722568-C44B-4E49-A630-BB8C2B15EBB4}.Debug|Any CPU.Build.0 = Debug|Any CPU
		{02722568-C44B-4E49-A630-BB8C2B15EBB4}.Release|Any CPU.ActiveCfg = Release|Any CPU
		{02722568-C44B-4E49-A630-BB8C2B15EBB4}.Release|Any CPU.Build.0 = Release|Any CPU
	EndGlobalSection
	GlobalSection(SolutionProperties) = preSolution
		HideSolutionNode = FALSE
	EndGlobalSection
	GlobalSection(ExtensibilityGlobals) = postSolution
		SolutionGuid = {2772EA2F-1B9F-4E86-862D-74253ABBBB68}
	EndGlobalSection
EndGlobal
